
Microsoft Visual Studio Solution File, Format Version 12.00
# Visual Studio Version 16
VisualStudioVersion = 16.0.29306.81
MinimumVisualStudioVersion = 10.0.40219.1
Project("{FAE04EC0-301F-11D3-BF4B-00C04F79EFBC}") = "deliverable1", "deliverable1\deliverable1.csproj", "{0907CABC-C446-4640-BB96-98B687BF6D86}"
EndProject
Global
	GlobalSection(SolutionConfigurationPlatforms) = preSolution
		Debug|Any CPU = Debug|Any CPU
		Release|Any CPU = Release|Any CPU
	EndGlobalSection
	GlobalSection(ProjectConfigurationPlatforms) = postSolution
		{0907CABC-C446-4640-BB96-98B687BF6D86}.Debug|Any CPU.ActiveCfg = Debug|Any CPU
		{0907CABC-C446-4640-BB96-98B687BF6D86}.Debug|Any CPU.Build.0 = Debug|Any CPU
		{0907CABC-C446-4640-BB96-98B687BF6D86}.Release|Any CPU.ActiveCfg = Release|Any CPU
		{0907CABC-C446-4640-BB96-98B687BF6D86}.Release|Any CPU.Build.0 = Release|Any CPU
	EndGlobalSection
	GlobalSection(SolutionProperties) = preSolution
		HideSolutionNode = FALSE
	EndGlobalSection
	GlobalSection(ExtensibilityGlobals) = postSolution
		SolutionGuid = {3029324A-4B5D-4EEB-A144-6C36CE6BDC9F}
	EndGlobalSection
EndGlobal
